
Microsoft Visual Studio Solution File, Format Version 12.00
# Visual Studio 15
VisualStudioVersion = 15.0.27703.2035
MinimumVisualStudioVersion = 10.0.40219.1
Project("{FAE04EC0-301F-11D3-BF4B-00C04F79EFBC}") = "TeamCityTracker.WebJob", "TeamCityTracker.WebJob\TeamCityTracker.WebJob.csproj", "{5AD9485E-A2BF-4740-A28E-F1B6CE464BD5}"
EndProject
Global
	GlobalSection(SolutionConfigurationPlatforms) = preSolution
		Debug|Any CPU = Debug|Any CPU
		Release|Any CPU = Release|Any CPU
	EndGlobalSection
	GlobalSection(ProjectConfigurationPlatforms) = postSolution
		{5AD9485E-A2BF-4740-A28E-F1B6CE464BD5}.Debug|Any CPU.ActiveCfg = Debug|Any CPU
		{5AD9485E-A2BF-4740-A28E-F1B6CE464BD5}.Debug|Any CPU.Build.0 = Debug|Any CPU
		{5AD9485E-A2BF-4740-A28E-F1B6CE464BD5}.Release|Any CPU.ActiveCfg = Release|Any CPU
		{5AD9485E-A2BF-4740-A28E-F1B6CE464BD5}.Release|Any CPU.Build.0 = Release|Any CPU
	EndGlobalSection
	GlobalSection(SolutionProperties) = preSolution
		HideSolutionNode = FALSE
	EndGlobalSection
	GlobalSection(ExtensibilityGlobals) = postSolution
		SolutionGuid = {CB4DB43A-B3A8-4935-9278-86C6686E7B62}
	EndGlobalSection
EndGlobal
